
Microsoft Visual Studio Solution File, Format Version 10.00
# Visual Studio 2008
Project("{8BC9CEB8-8B4A-11D0-8D11-00A0C91BC942}") = "OpGLTree_Console", "OpGLTree_Console\OpGLTree_Console.vcproj", "{4FB548C4-372A-414D-89EE-88C5EDB3BCDB}"
EndProject
Global
	GlobalSection(SolutionConfigurationPlatforms) = preSolution
		Debug|Win32 = Debug|Win32
		Release|Win32 = Release|Win32
	EndGlobalSection
	GlobalSection(ProjectConfigurationPlatforms) = postSolution
		{4FB548C4-372A-414D-89EE-88C5EDB3BCDB}.Debug|Win32.ActiveCfg = Debug|Win32
		{4FB548C4-372A-414D-89EE-88C5EDB3BCDB}.Debug|Win32.Build.0 = Debug|Win32
		{4FB548C4-372A-414D-89EE-88C5EDB3BCDB}.Release|Win32.ActiveCfg = Release|Win32
		{4FB548C4-372A-414D-89EE-88C5EDB3BCDB}.Release|Win32.Build.0 = Release|Win32
	EndGlobalSection
	GlobalSection(SolutionProperties) = preSolution
		HideSolutionNode = FALSE
	EndGlobalSection
EndGlobal
